
Microsoft Visual Studio Solution File, Format Version 12.00
# Visual Studio Version 17
VisualStudioVersion = 17.3.32825.248
MinimumVisualStudioVersion = 10.0.40219.1
Project("{FAE04EC0-301F-11D3-BF4B-00C04F79EFBC}") = "AvvaMobile.Core.Parasut", "AvvaMobile.Core.Parasut.csproj", "{63319FC4-177C-4042-BF14-5A709906A04D}"
EndProject
Project("{FAE04EC0-301F-11D3-BF4B-00C04F79EFBC}") = "TestApp", "..\TestApp\TestApp.csproj", "{ACD1830C-3DC0-4C5A-B47E-1DEA5F2DA2ED}"
EndProject
Global
	GlobalSection(SolutionConfigurationPlatforms) = preSolution
		Debug|Any CPU = Debug|Any CPU
		Release|Any CPU = Release|Any CPU
	EndGlobalSection
	GlobalSection(ProjectConfigurationPlatforms) = postSolution
		{63319FC4-177C-4042-BF14-5A709906A04D}.Debug|Any CPU.ActiveCfg = Debug|Any CPU
		{63319FC4-177C-4042-BF14-5A709906A04D}.Debug|Any CPU.Build.0 = Debug|Any CPU
		{63319FC4-177C-4042-BF14-5A709906A04D}.Release|Any CPU.ActiveCfg = Release|Any CPU
		{63319FC4-177C-4042-BF14-5A709906A04D}.Release|Any CPU.Build.0 = Release|Any CPU
		{ACD1830C-3DC0-4C5A-B47E-1DEA5F2DA2ED}.Debug|Any CPU.ActiveCfg = Debug|Any CPU
		{ACD1830C-3DC0-4C5A-B47E-1DEA5F2DA2ED}.Debug|Any CPU.Build.0 = Debug|Any CPU
		{ACD1830C-3DC0-4C5A-B47E-1DEA5F2DA2ED}.Release|Any CPU.ActiveCfg = Release|Any CPU
		{ACD1830C-3DC0-4C5A-B47E-1DEA5F2DA2ED}.Release|Any CPU.Build.0 = Release|Any CPU
	EndGlobalSection
	GlobalSection(SolutionProperties) = preSolution
		HideSolutionNode = FALSE
	EndGlobalSection
	GlobalSection(ExtensibilityGlobals) = postSolution
		SolutionGuid = {77BD1DA6-F0D8-422A-B707-8C4E3C2BB946}
	EndGlobalSection
EndGlobal
